
Microsoft Visual Studio Solution File, Format Version 12.00
# Visual Studio Version 17
VisualStudioVersion = 17.3.32819.101
MinimumVisualStudioVersion = 10.0.40219.1
Project("{8BC9CEB8-8B4A-11D0-8D11-00A0C91BC942}") = "Prismatik_Daemon", "Prismatik_Daemon.vcxproj", "{2E9728F1-4BAF-4F08-A50C-F1FF9907019C}"
EndProject
Global
	GlobalSection(SolutionConfigurationPlatforms) = preSolution
		Debug|x64 = Debug|x64
		Debug|x86 = Debug|x86
		Release|x64 = Release|x64
		Release|x86 = Release|x86
	EndGlobalSection
	GlobalSection(ProjectConfigurationPlatforms) = postSolution
		{2E9728F1-4BAF-4F08-A50C-F1FF9907019C}.Debug|x64.ActiveCfg = Debug|x64
		{2E9728F1-4BAF-4F08-A50C-F1FF9907019C}.Debug|x64.Build.0 = Debug|x64
		{2E9728F1-4BAF-4F08-A50C-F1FF9907019C}.Debug|x86.ActiveCfg = Debug|Win32
		{2E9728F1-4BAF-4F08-A50C-F1FF9907019C}.Debug|x86.Build.0 = Debug|Win32
		{2E9728F1-4BAF-4F08-A50C-F1FF9907019C}.Release|x64.ActiveCfg = Release|x64
		{2E9728F1-4BAF-4F08-A50C-F1FF9907019C}.Release|x64.Build.0 = Release|x64
		{2E9728F1-4BAF-4F08-A50C-F1FF9907019C}.Release|x86.ActiveCfg = Release|Win32
		{2E9728F1-4BAF-4F08-A50C-F1FF9907019C}.Release|x86.Build.0 = Release|Win32
	EndGlobalSection
	GlobalSection(SolutionProperties) = preSolution
		HideSolutionNode = FALSE
	EndGlobalSection
	GlobalSection(ExtensibilityGlobals) = postSolution
		SolutionGuid = {A56E21F3-415C-41F3-B5F8-E023647DD679}
	EndGlobalSection
EndGlobal
